
Microsoft Visual Studio Solution File, Format Version 12.00
# Visual Studio 2012
Project("{FAE04EC0-301F-11D3-BF4B-00C04F79EFBC}") = "WaveViz", "WaveViz.csproj", "{19CB298B-1877-4781-884C-E9229148C421}"
EndProject
Global
	GlobalSection(SolutionConfigurationPlatforms) = preSolution
		Debug|Any CPU = Debug|Any CPU
		Release|Any CPU = Release|Any CPU
	EndGlobalSection
	GlobalSection(ProjectConfigurationPlatforms) = postSolution
		{19CB298B-1877-4781-884C-E9229148C421}.Debug|Any CPU.ActiveCfg = Debug|Any CPU
		{19CB298B-1877-4781-884C-E9229148C421}.Debug|Any CPU.Build.0 = Debug|Any CPU
		{19CB298B-1877-4781-884C-E9229148C421}.Release|Any CPU.ActiveCfg = Release|Any CPU
		{19CB298B-1877-4781-884C-E9229148C421}.Release|Any CPU.Build.0 = Release|Any CPU
	EndGlobalSection
	GlobalSection(SolutionProperties) = preSolution
		HideSolutionNode = FALSE
	EndGlobalSection
EndGlobal
